
Microsoft Visual Studio Solution File, Format Version 12.00
# Visual Studio 15
VisualStudioVersion = 15.0.28307.902
MinimumVisualStudioVersion = 10.0.40219.1
Project("{FAE04EC0-301F-11D3-BF4B-00C04F79EFBC}") = "katir", "katir\katir.csproj", "{E3BC0F01-1618-4FCC-932A-224EBDD3B0E9}"
EndProject
Global
	GlobalSection(SolutionConfigurationPlatforms) = preSolution
		Debug|Any CPU = Debug|Any CPU
		Release|Any CPU = Release|Any CPU
	EndGlobalSection
	GlobalSection(ProjectConfigurationPlatforms) = postSolution
		{E3BC0F01-1618-4FCC-932A-224EBDD3B0E9}.Debug|Any CPU.ActiveCfg = Debug|Any CPU
		{E3BC0F01-1618-4FCC-932A-224EBDD3B0E9}.Debug|Any CPU.Build.0 = Debug|Any CPU
		{E3BC0F01-1618-4FCC-932A-224EBDD3B0E9}.Release|Any CPU.ActiveCfg = Release|Any CPU
		{E3BC0F01-1618-4FCC-932A-224EBDD3B0E9}.Release|Any CPU.Build.0 = Release|Any CPU
	EndGlobalSection
	GlobalSection(SolutionProperties) = preSolution
		HideSolutionNode = FALSE
	EndGlobalSection
	GlobalSection(ExtensibilityGlobals) = postSolution
		SolutionGuid = {16A61D8A-065D-47FC-A279-F8E0443957D5}
	EndGlobalSection
EndGlobal
